github.com/tss182/api v1.0.2 h1:IpAPG/Z0Rj51ZecFUt+k1xGErOyS084Wf+vOXPOvmjo=
github.com/tss182/api v1.0.2/go.mod h1:e+6RVSBEccAfU92nPUEfnDCvXO+Z6voATX+5SyKDzAs=
github.com/tss182/api v1.0.3 h1:47DEQpj8HBSa+/TImW+5JCeuQeRkm5NMpJWZG3hSuFU=
github.com/tss182/api v1.0.3/go.mod h1:Y1iPmmH8A3cyskFwflVNU+YUH8+WyOBf4ZL0UI/ZJ4Y=
