github.com/tss182/api-go v1.0.3 h1:9WUMJsaNHdH+sOUtmxn/lAsO5FyGt/ciTyRc9X1ALjk=
github.com/tss182/api-go v1.0.3/go.mod h1:fecF1lm01yBZ6F01TA99g3MMVyGmUg1l0XJx+Sf2vlY=
github.com/tss182/api-go v1.0.4 h1:mZnkYv98x/pquM8kKa68+PI9w4Uk0JjcFyYHNDwo1QE=
github.com/tss182/api-go v1.0.4/go.mod h1:fecF1lm01yBZ6F01TA99g3MMVyGmUg1l0XJx+Sf2vlY=
